// !$*UTF8*$!
{
	archiveVersion = 1;
	classes = {
	};
	objectVersion = 51;
	objects = {

/* Begin PBXBuildFile section */
		03EF1DB371D98B46FE4CE5DD /* Pods_Weather.framework in Frameworks */ = {isa = PBXBuildFile; fileRef = 1229F0FD55F2A9F3A72F3CDD /* Pods_Weather.framework */; };
		AC006A4C24120F2400066BE3 /* Extensions.swift in Sources */ = {isa = PBXBuildFile; fileRef = AC006A4B24120F2400066BE3 /* Extensions.swift */; };
		AC85C92A240F535500AA210F /* AppDelegate.swift in Sources */ = {isa = PBXBuildFile; fileRef = AC85C929240F535500AA210F /* AppDelegate.swift */; };
		AC85C931240F535500AA210F /* Main.storyboard in Resources */ = {isa = PBXBuildFile; fileRef = AC85C92F240F535500AA210F /* Main.storyboard */; };
		AC85C933240F535600AA210F /* Assets.xcassets in Resources */ = {isa = PBXBuildFile; fileRef = AC85C932240F535600AA210F /* Assets.xcassets */; };
		AC85C936240F535600AA210F /* LaunchScreen.storyboard in Resources */ = {isa = PBXBuildFile; fileRef = AC85C934240F535600AA210F /* LaunchScreen.storyboard */; };
		AC85C93E240F5FBC00AA210F /* CurrentWeather.swift in Sources */ = {isa = PBXBuildFile; fileRef = AC85C93D240F5FBC00AA210F /* CurrentWeather.swift */; };
		AC85C941240F67D100AA210F /* GlobalHelpers.swift in Sources */ = {isa = PBXBuildFile; fileRef = AC85C940240F67D100AA210F /* GlobalHelpers.swift */; };
		ACAD26482415E26D00271D80 /* ForecastCollectionViewCell.swift in Sources */ = {isa = PBXBuildFile; fileRef = ACAD26462415E26D00271D80 /* ForecastCollectionViewCell.swift */; };
		ACAD26492415E26D00271D80 /* ForecastCollectionViewCell.xib in Resources */ = {isa = PBXBuildFile; fileRef = ACAD26472415E26D00271D80 /* ForecastCollectionViewCell.xib */; };
		ACAD264C2415E69300271D80 /* InfoCollectionViewCell.swift in Sources */ = {isa = PBXBuildFile; fileRef = ACAD264A2415E69300271D80 /* InfoCollectionViewCell.swift */; };
		ACAD264D2415E69300271D80 /* InfoCollectionViewCell.xib in Resources */ = {isa = PBXBuildFile; fileRef = ACAD264B2415E69300271D80 /* InfoCollectionViewCell.xib */; };
		ACAD264F2415E82100271D80 /* WeatherInfo.swift in Sources */ = {isa = PBXBuildFile; fileRef = ACAD264E2415E82100271D80 /* WeatherInfo.swift */; };
		ACAD26522415E9B500271D80 /* WeatherTableViewCell.swift in Sources */ = {isa = PBXBuildFile; fileRef = ACAD26502415E9B500271D80 /* WeatherTableViewCell.swift */; };
		ACAD26532415E9B500271D80 /* WeatherTableViewCell.xib in Resources */ = {isa = PBXBuildFile; fileRef = ACAD26512415E9B500271D80 /* WeatherTableViewCell.xib */; };
		ACAD26582415FE6500271D80 /* WeatherLocation.swift in Sources */ = {isa = PBXBuildFile; fileRef = ACAD26572415FE6500271D80 /* WeatherLocation.swift */; };
		ACAD265A2416000E00271D80 /* APIURLS.swift in Sources */ = {isa = PBXBuildFile; fileRef = ACAD26592416000E00271D80 /* APIURLS.swift */; };
		ACCBAB7B24173FB10019CCB9 /* MainWeatherTableViewCell.swift in Sources */ = {isa = PBXBuildFile; fileRef = ACCBAB7A24173FB10019CCB9 /* MainWeatherTableViewCell.swift */; };
		ACCBAB7D2417419D0019CCB9 /* CityTempData.swift in Sources */ = {isa = PBXBuildFile; fileRef = ACCBAB7C2417419D0019CCB9 /* CityTempData.swift */; };
		EBA302752410038C00A82109 /* HourlyForecast.swift in Sources */ = {isa = PBXBuildFile; fileRef = EBA302742410038C00A82109 /* HourlyForecast.swift */; };
		EBA302772410109700A82109 /* WeeklyForecast.swift in Sources */ = {isa = PBXBuildFile; fileRef = EBA302762410109700A82109 /* WeeklyForecast.swift */; };
		EBA3027924103B6200A82109 /* WeatherViewController.swift in Sources */ = {isa = PBXBuildFile; fileRef = EBA3027824103B6200A82109 /* WeatherViewController.swift */; };
		EBA3027C241042D900A82109 /* WeatherView.swift in Sources */ = {isa = PBXBuildFile; fileRef = EBA3027A241042D900A82109 /* WeatherView.swift */; };
		EBA3027D241042D900A82109 /* WeatherView.xib in Resources */ = {isa = PBXBuildFile; fileRef = EBA3027B241042D900A82109 /* WeatherView.xib */; };
		EBDED0322416DAAE0001E11E /* location.csv in Resources */ = {isa = PBXBuildFile; fileRef = EBDED0312416DAAE0001E11E /* location.csv */; };
		EBDED0352416E2560001E11E /* AllLocationsTableViewController.swift in Sources */ = {isa = PBXBuildFile; fileRef = EBDED0342416E2560001E11E /* AllLocationsTableViewController.swift */; };
		EBDED0372416E2F30001E11E /* ChooseCityViewController.swift in Sources */ = {isa = PBXBuildFile; fileRef = EBDED0362416E2F30001E11E /* ChooseCityViewController.swift */; };
/* End PBXBuildFile section */

/* Begin PBXFileReference section */
		1229F0FD55F2A9F3A72F3CDD /* Pods_Weather.framework */ = {isa = PBXFileReference; explicitFileType = wrapper.framework; includeInIndex = 0; path = Pods_Weather.framework; sourceTree = BUILT_PRODUCTS_DIR; };
		7C7B3680E7A0906BEE093D18 /* Pods-Weather.release.xcconfig */ = {isa = PBXFileReference; includeInIndex = 1; lastKnownFileType = text.xcconfig; name = "Pods-Weather.release.xcconfig"; path = "Target Support Files/Pods-Weather/Pods-Weather.release.xcconfig"; sourceTree = "<group>"; };
		AC006A4B24120F2400066BE3 /* Extensions.swift */ = {isa = PBXFileReference; lastKnownFileType = sourcecode.swift; path = Extensions.swift; sourceTree = "<group>"; };
		AC85C926240F535500AA210F /* Weather.app */ = {isa = PBXFileReference; explicitFileType = wrapper.application; includeInIndex = 0; path = Weather.app; sourceTree = BUILT_PRODUCTS_DIR; };
		AC85C929240F535500AA210F /* AppDelegate.swift */ = {isa = PBXFileReference; lastKnownFileType = sourcecode.swift; path = AppDelegate.swift; sourceTree = "<group>"; };
		AC85C930240F535500AA210F /* Base */ = {isa = PBXFileReference; lastKnownFileType = file.storyboard; name = Base; path = Base.lproj/Main.storyboard; sourceTree = "<group>"; };
		AC85C932240F535600AA210F /* Assets.xcassets */ = {isa = PBXFileReference; lastKnownFileType = folder.assetcatalog; path = Assets.xcassets; sourceTree = "<group>"; };
		AC85C935240F535600AA210F /* Base */ = {isa = PBXFileReference; lastKnownFileType = file.storyboard; name = Base; path = Base.lproj/LaunchScreen.storyboard; sourceTree = "<group>"; };
		AC85C937240F535600AA210F /* Info.plist */ = {isa = PBXFileReference; lastKnownFileType = text.plist.xml; path = Info.plist; sourceTree = "<group>"; };
		AC85C93D240F5FBC00AA210F /* CurrentWeather.swift */ = {isa = PBXFileReference; lastKnownFileType = sourcecode.swift; path = CurrentWeather.swift; sourceTree = "<group>"; };
		AC85C940240F67D100AA210F /* GlobalHelpers.swift */ = {isa = PBXFileReference; lastKnownFileType = sourcecode.swift; path = GlobalHelpers.swift; sourceTree = "<group>"; };
		ACAD26462415E26D00271D80 /* ForecastCollectionViewCell.swift */ = {isa = PBXFileReference; lastKnownFileType = sourcecode.swift; path = ForecastCollectionViewCell.swift; sourceTree = "<group>"; };
		ACAD26472415E26D00271D80 /* ForecastCollectionViewCell.xib */ = {isa = PBXFileReference; lastKnownFileType = file.xib; path = ForecastCollectionViewCell.xib; sourceTree = "<group>"; };
		ACAD264A2415E69300271D80 /* InfoCollectionViewCell.swift */ = {isa = PBXFileReference; lastKnownFileType = sourcecode.swift; path = InfoCollectionViewCell.swift; sourceTree = "<group>"; };
		ACAD264B2415E69300271D80 /* InfoCollectionViewCell.xib */ = {isa = PBXFileReference; lastKnownFileType = file.xib; path = InfoCollectionViewCell.xib; sourceTree = "<group>"; };
		ACAD264E2415E82100271D80 /* WeatherInfo.swift */ = {isa = PBXFileReference; lastKnownFileType = sourcecode.swift; path = WeatherInfo.swift; sourceTree = "<group>"; };
		ACAD26502415E9B500271D80 /* WeatherTableViewCell.swift */ = {isa = PBXFileReference; lastKnownFileType = sourcecode.swift; path = WeatherTableViewCell.swift; sourceTree = "<group>"; };
		ACAD26512415E9B500271D80 /* WeatherTableViewCell.xib */ = {isa = PBXFileReference; lastKnownFileType = file.xib; path = WeatherTableViewCell.xib; sourceTree = "<group>"; };
		ACAD26572415FE6500271D80 /* WeatherLocation.swift */ = {isa = PBXFileReference; lastKnownFileType = sourcecode.swift; path = WeatherLocation.swift; sourceTree = "<group>"; };
		ACAD26592416000E00271D80 /* APIURLS.swift */ = {isa = PBXFileReference; lastKnownFileType = sourcecode.swift; path = APIURLS.swift; sourceTree = "<group>"; };
		ACCBAB7A24173FB10019CCB9 /* MainWeatherTableViewCell.swift */ = {isa = PBXFileReference; lastKnownFileType = sourcecode.swift; path = MainWeatherTableViewCell.swift; sourceTree = "<group>"; };
		ACCBAB7C2417419D0019CCB9 /* CityTempData.swift */ = {isa = PBXFileReference; lastKnownFileType = sourcecode.swift; path = CityTempData.swift; sourceTree = "<group>"; };
		EBA302742410038C00A82109 /* HourlyForecast.swift */ = {isa = PBXFileReference; lastKnownFileType = sourcecode.swift; path = HourlyForecast.swift; sourceTree = "<group>"; };
		EBA302762410109700A82109 /* WeeklyForecast.swift */ = {isa = PBXFileReference; lastKnownFileType = sourcecode.swift; path = WeeklyForecast.swift; sourceTree = "<group>"; };
		EBA3027824103B6200A82109 /* WeatherViewController.swift */ = {isa = PBXFileReference; lastKnownFileType = sourcecode.swift; path = WeatherViewController.swift; sourceTree = "<group>"; };
		EBA3027A241042D900A82109 /* WeatherView.swift */ = {isa = PBXFileReference; lastKnownFileType = sourcecode.swift; path = WeatherView.swift; sourceTree = "<group>"; };
		EBA3027B241042D900A82109 /* WeatherView.xib */ = {isa = PBXFileReference; lastKnownFileType = file.xib; path = WeatherView.xib; sourceTree = "<group>"; };
		EBDED0312416DAAE0001E11E /* location.csv */ = {isa = PBXFileReference; fileEncoding = 4; lastKnownFileType = text; path = location.csv; sourceTree = "<group>"; };
		EBDED0342416E2560001E11E /* AllLocationsTableViewController.swift */ = {isa = PBXFileReference; lastKnownFileType = sourcecode.swift; path = AllLocationsTableViewController.swift; sourceTree = "<group>"; };
		EBDED0362416E2F30001E11E /* ChooseCityViewController.swift */ = {isa = PBXFileReference; lastKnownFileType = sourcecode.swift; path = ChooseCityViewController.swift; sourceTree = "<group>"; };
		EE8A830815B103FCB31C6D6B /* Pods-Weather.debug.xcconfig */ = {isa = PBXFileReference; includeInIndex = 1; lastKnownFileType = text.xcconfig; name = "Pods-Weather.debug.xcconfig"; path = "Target Support Files/Pods-Weather/Pods-Weather.debug.xcconfig"; sourceTree = "<group>"; };
/* End PBXFileReference section */

/* Begin PBXFrameworksBuildPhase section */
		AC85C923240F535500AA210F /* Frameworks */ = {
			isa = PBXFrameworksBuildPhase;
			buildActionMask = 2147483647;
			files = (
				03EF1DB371D98B46FE4CE5DD /* Pods_Weather.framework in Frameworks */,
			);
			runOnlyForDeploymentPostprocessing = 0;
		};
/* End PBXFrameworksBuildPhase section */

/* Begin PBXGroup section */
		AC2F7A742410B3DE001BFCB5 /* Views */ = {
			isa = PBXGroup;
			children = (
				EBA3027A241042D900A82109 /* WeatherView.swift */,
				EBA3027B241042D900A82109 /* WeatherView.xib */,
				ACAD26462415E26D00271D80 /* ForecastCollectionViewCell.swift */,
				ACAD26472415E26D00271D80 /* ForecastCollectionViewCell.xib */,
				ACAD264A2415E69300271D80 /* InfoCollectionViewCell.swift */,
				ACAD264B2415E69300271D80 /* InfoCollectionViewCell.xib */,
				ACAD26502415E9B500271D80 /* WeatherTableViewCell.swift */,
				ACAD26512415E9B500271D80 /* WeatherTableViewCell.xib */,
				ACCBAB7A24173FB10019CCB9 /* MainWeatherTableViewCell.swift */,
			);
			path = Views;
			sourceTree = "<group>";
		};
		AC85C91D240F535500AA210F = {
			isa = PBXGroup;
			children = (
				AC85C928240F535500AA210F /* Weather */,
				AC85C927240F535500AA210F /* Products */,
				BF168C65937448DBDC9A5888 /* Pods */,
				EFBF69388B69D7705345FCF7 /* Frameworks */,
			);
			sourceTree = "<group>";
		};
		AC85C927240F535500AA210F /* Products */ = {
			isa = PBXGroup;
			children = (
				AC85C926240F535500AA210F /* Weather.app */,
			);
			name = Products;
			sourceTree = "<group>";
		};
		AC85C928240F535500AA210F /* Weather */ = {
			isa = PBXGroup;
			children = (
				AC85C929240F535500AA210F /* AppDelegate.swift */,
				AC85C940240F67D100AA210F /* GlobalHelpers.swift */,
				EBDED0332416E2340001E11E /* Controllers */,
				ACAD26592416000E00271D80 /* APIURLS.swift */,
				AC85C934240F535600AA210F /* LaunchScreen.storyboard */,
				AC85C92F240F535500AA210F /* Main.storyboard */,
				AC85C937240F535600AA210F /* Info.plist */,
				EBDED0312416DAAE0001E11E /* location.csv */,
				AC85C932240F535600AA210F /* Assets.xcassets */,
				ACAD26542415FDEE00271D80 /* Extensions */,
				ACAD26562415FE2500271D80 /* Helpers */,
				AC85C93F240F5FC900AA210F /* Model */,
				ACAD26552415FE0500271D80 /* ModelHelpers */,
				AC2F7A742410B3DE001BFCB5 /* Views */,
			);
			path = Weather;
			sourceTree = "<group>";
		};
		AC85C93F240F5FC900AA210F /* Model */ = {
			isa = PBXGroup;
			children = (
				AC85C93D240F5FBC00AA210F /* CurrentWeather.swift */,
				EBA302742410038C00A82109 /* HourlyForecast.swift */,
				EBA302762410109700A82109 /* WeeklyForecast.swift */,
			);
			path = Model;
			sourceTree = "<group>";
		};
		ACAD26542415FDEE00271D80 /* Extensions */ = {
			isa = PBXGroup;
			children = (
				AC006A4B24120F2400066BE3 /* Extensions.swift */,
			);
			path = Extensions;
			sourceTree = "<group>";
		};
		ACAD26552415FE0500271D80 /* ModelHelpers */ = {
			isa = PBXGroup;
			children = (
				ACAD264E2415E82100271D80 /* WeatherInfo.swift */,
				ACAD26572415FE6500271D80 /* WeatherLocation.swift */,
				ACCBAB7C2417419D0019CCB9 /* CityTempData.swift */,
			);
			path = ModelHelpers;
			sourceTree = "<group>";
		};
		ACAD26562415FE2500271D80 /* Helpers */ = {
			isa = PBXGroup;
			children = (
			);
			path = Helpers;
			sourceTree = "<group>";
		};
		BF168C65937448DBDC9A5888 /* Pods */ = {
			isa = PBXGroup;
			children = (
				EE8A830815B103FCB31C6D6B /* Pods-Weather.debug.xcconfig */,
				7C7B3680E7A0906BEE093D18 /* Pods-Weather.release.xcconfig */,
			);
			path = Pods;
			sourceTree = "<group>";
		};
		EBDED0332416E2340001E11E /* Controllers */ = {
			isa = PBXGroup;
			children = (
				EBA3027824103B6200A82109 /* WeatherViewController.swift */,
				EBDED0342416E2560001E11E /* AllLocationsTableViewController.swift */,
				EBDED0362416E2F30001E11E /* ChooseCityViewController.swift */,
			);
			path = Controllers;
			sourceTree = "<group>";
		};
		EFBF69388B69D7705345FCF7 /* Frameworks */ = {
			isa = PBXGroup;
			children = (
				1229F0FD55F2A9F3A72F3CDD /* Pods_Weather.framework */,
			);
			name = Frameworks;
			sourceTree = "<group>";
		};
/* End PBXGroup section */

/* Begin PBXNativeTarget section */
		AC85C925240F535500AA210F /* Weather */ = {
			isa = PBXNativeTarget;
			buildConfigurationList = AC85C93A240F535600AA210F /* Build configuration list for PBXNativeTarget "Weather" */;
			buildPhases = (
				10594D5BC1954CF2B1406ACF /* [CP] Check Pods Manifest.lock */,
				AC85C922240F535500AA210F /* Sources */,
				AC85C923240F535500AA210F /* Frameworks */,
				AC85C924240F535500AA210F /* Resources */,
				B7C9D841748CB907AE7D407F /* [CP] Embed Pods Frameworks */,
			);
			buildRules = (
			);
			dependencies = (
			);
			name = Weather;
			productName = Weather;
			productReference = AC85C926240F535500AA210F /* Weather.app */;
			productType = "com.apple.product-type.application";
		};
/* End PBXNativeTarget section */

/* Begin PBXProject section */
		AC85C91E240F535500AA210F /* Project object */ = {
			isa = PBXProject;
			attributes = {
				LastSwiftUpdateCheck = 1130;
				LastUpgradeCheck = 1130;
				ORGANIZATIONNAME = "Mario Zarate Velasquez";
				TargetAttributes = {
					AC85C925240F535500AA210F = {
						CreatedOnToolsVersion = 11.3.1;
					};
				};
			};
			buildConfigurationList = AC85C921240F535500AA210F /* Build configuration list for PBXProject "Weather" */;
			compatibilityVersion = "Xcode 9.3";
			developmentRegion = en;
			hasScannedForEncodings = 0;
			knownRegions = (
				en,
				Base,
			);
			mainGroup = AC85C91D240F535500AA210F;
			productRefGroup = AC85C927240F535500AA210F /* Products */;
			projectDirPath = "";
			projectRoot = "";
			targets = (
				AC85C925240F535500AA210F /* Weather */,
			);
		};
/* End PBXProject section */

/* Begin PBXResourcesBuildPhase section */
		AC85C924240F535500AA210F /* Resources */ = {
			isa = PBXResourcesBuildPhase;
			buildActionMask = 2147483647;
			files = (
				ACAD264D2415E69300271D80 /* InfoCollectionViewCell.xib in Resources */,
				AC85C936240F535600AA210F /* LaunchScreen.storyboard in Resources */,
				AC85C933240F535600AA210F /* Assets.xcassets in Resources */,
				AC85C931240F535500AA210F /* Main.storyboard in Resources */,
				ACAD26492415E26D00271D80 /* ForecastCollectionViewCell.xib in Resources */,
				EBA3027D241042D900A82109 /* WeatherView.xib in Resources */,
				ACAD26532415E9B500271D80 /* WeatherTableViewCell.xib in Resources */,
				EBDED0322416DAAE0001E11E /* location.csv in Resources */,
			);
			runOnlyForDeploymentPostprocessing = 0;
		};
/* End PBXResourcesBuildPhase section */

/* Begin PBXShellScriptBuildPhase section */
		10594D5BC1954CF2B1406ACF /* [CP] Check Pods Manifest.lock */ = {
			isa = PBXShellScriptBuildPhase;
			buildActionMask = 2147483647;
			files = (
			);
			inputFileListPaths = (
			);
			inputPaths = (
				"${PODS_PODFILE_DIR_PATH}/Podfile.lock",
				"${PODS_ROOT}/Manifest.lock",
			);
			name = "[CP] Check Pods Manifest.lock";
			outputFileListPaths = (
			);
			outputPaths = (
				"$(DERIVED_FILE_DIR)/Pods-Weather-checkManifestLockResult.txt",
			);
			runOnlyForDeploymentPostprocessing = 0;
			shellPath = /bin/sh;
			shellScript = "diff \"${PODS_PODFILE_DIR_PATH}/Podfile.lock\" \"${PODS_ROOT}/Manifest.lock\" > /dev/null\nif [ $? != 0 ] ; then\n    # print error to STDERR\n    echo \"error: The sandbox is not in sync with the Podfile.lock. Run 'pod install' or update your CocoaPods installation.\" >&2\n    exit 1\nfi\n# This output is used by Xcode 'outputs' to avoid re-running this script phase.\necho \"SUCCESS\" > \"${SCRIPT_OUTPUT_FILE_0}\"\n";
			showEnvVarsInLog = 0;
		};
		B7C9D841748CB907AE7D407F /* [CP] Embed Pods Frameworks */ = {
			isa = PBXShellScriptBuildPhase;
			buildActionMask = 2147483647;
			files = (
			);
			inputFileListPaths = (
				"${PODS_ROOT}/Target Support Files/Pods-Weather/Pods-Weather-frameworks-${CONFIGURATION}-input-files.xcfilelist",
			);
			name = "[CP] Embed Pods Frameworks";
			outputFileListPaths = (
				"${PODS_ROOT}/Target Support Files/Pods-Weather/Pods-Weather-frameworks-${CONFIGURATION}-output-files.xcfilelist",
			);
			runOnlyForDeploymentPostprocessing = 0;
			shellPath = /bin/sh;
			shellScript = "\"${PODS_ROOT}/Target Support Files/Pods-Weather/Pods-Weather-frameworks.sh\"\n";
			showEnvVarsInLog = 0;
		};
/* End PBXShellScriptBuildPhase section */

/* Begin PBXSourcesBuildPhase section */
		AC85C922240F535500AA210F /* Sources */ = {
			isa = PBXSourcesBuildPhase;
			buildActionMask = 2147483647;
			files = (
				ACAD26522415E9B500271D80 /* WeatherTableViewCell.swift in Sources */,
				ACAD264C2415E69300271D80 /* InfoCollectionViewCell.swift in Sources */,
				EBDED0372416E2F30001E11E /* ChooseCityViewController.swift in Sources */,
				ACAD265A2416000E00271D80 /* APIURLS.swift in Sources */,
				EBA302772410109700A82109 /* WeeklyForecast.swift in Sources */,
				EBA3027924103B6200A82109 /* WeatherViewController.swift in Sources */,
				ACAD264F2415E82100271D80 /* WeatherInfo.swift in Sources */,
				AC85C92A240F535500AA210F /* AppDelegate.swift in Sources */,
				AC006A4C24120F2400066BE3 /* Extensions.swift in Sources */,
				EBA302752410038C00A82109 /* HourlyForecast.swift in Sources */,
				ACCBAB7D2417419D0019CCB9 /* CityTempData.swift in Sources */,
				ACAD26482415E26D00271D80 /* ForecastCollectionViewCell.swift in Sources */,
				EBDED0352416E2560001E11E /* AllLocationsTableViewController.swift in Sources */,
				ACCBAB7B24173FB10019CCB9 /* MainWeatherTableViewCell.swift in Sources */,
				AC85C941240F67D100AA210F /* GlobalHelpers.swift in Sources */,
				ACAD26582415FE6500271D80 /* WeatherLocation.swift in Sources */,
				EBA3027C241042D900A82109 /* WeatherView.swift in Sources */,
				AC85C93E240F5FBC00AA210F /* CurrentWeather.swift in Sources */,
			);
			runOnlyForDeploymentPostprocessing = 0;
		};
/* End PBXSourcesBuildPhase section */

/* Begin PBXVariantGroup section */
		AC85C92F240F535500AA210F /* Main.storyboard */ = {
			isa = PBXVariantGroup;
			children = (
				AC85C930240F535500AA210F /* Base */,
			);
			name = Main.storyboard;
			sourceTree = "<group>";
		};
		AC85C934240F535600AA210F /* LaunchScreen.storyboard */ = {
			isa = PBXVariantGroup;
			children = (
				AC85C935240F535600AA210F /* Base */,
			);
			name = LaunchScreen.storyboard;
			sourceTree = "<group>";
		};
/* End PBXVariantGroup section */

/* Begin XCBuildConfiguration section */
		AC85C938240F535600AA210F /* Debug */ = {
			isa = XCBuildConfiguration;
			buildSettings = {
				ALWAYS_SEARCH_USER_PATHS = NO;
				CLANG_ANALYZER_NONNULL = YES;
				CLANG_ANALYZER_NUMBER_OBJECT_CONVERSION = YES_AGGRESSIVE;
				CLANG_CXX_LANGUAGE_STANDARD = "gnu++14";
				CLANG_CXX_LIBRARY = "libc++";
				CLANG_ENABLE_MODULES = YES;
				CLANG_ENABLE_OBJC_ARC = YES;
				CLANG_ENABLE_OBJC_WEAK = YES;
				CLANG_WARN_BLOCK_CAPTURE_AUTORELEASING = YES;
				CLANG_WARN_BOOL_CONVERSION = YES;
				CLANG_WARN_COMMA = YES;
				CLANG_WARN_CONSTANT_CONVERSION = YES;
				CLANG_WARN_DEPRECATED_OBJC_IMPLEMENTATIONS = YES;
				CLANG_WARN_DIRECT_OBJC_ISA_USAGE = YES_ERROR;
				CLANG_WARN_DOCUMENTATION_COMMENTS = YES;
				CLANG_WARN_EMPTY_BODY = YES;
				CLANG_WARN_ENUM_CONVERSION = YES;
				CLANG_WARN_INFINITE_RECURSION = YES;
				CLANG_WARN_INT_CONVERSION = YES;
				CLANG_WARN_NON_LITERAL_NULL_CONVERSION = YES;
				CLANG_WARN_OBJC_IMPLICIT_RETAIN_SELF = YES;
				CLANG_WARN_OBJC_LITERAL_CONVERSION = YES;
				CLANG_WARN_OBJC_ROOT_CLASS = YES_ERROR;
				CLANG_WARN_RANGE_LOOP_ANALYSIS = YES;
				CLANG_WARN_STRICT_PROTOTYPES = YES;
				CLANG_WARN_SUSPICIOUS_MOVE = YES;
				CLANG_WARN_UNGUARDED_AVAILABILITY = YES_AGGRESSIVE;
				CLANG_WARN_UNREACHABLE_CODE = YES;
				CLANG_WARN__DUPLICATE_METHOD_MATCH = YES;
				COPY_PHASE_STRIP = NO;
				DEBUG_INFORMATION_FORMAT = dwarf;
				ENABLE_STRICT_OBJC_MSGSEND = YES;
				ENABLE_TESTABILITY = YES;
				GCC_C_LANGUAGE_STANDARD = gnu11;
				GCC_DYNAMIC_NO_PIC = NO;
				GCC_NO_COMMON_BLOCKS = YES;
				GCC_OPTIMIZATION_LEVEL = 0;
				GCC_PREPROCESSOR_DEFINITIONS = (
					"DEBUG=1",
					"$(inherited)",
				);
				GCC_WARN_64_TO_32_BIT_CONVERSION = YES;
				GCC_WARN_ABOUT_RETURN_TYPE = YES_ERROR;
				GCC_WARN_UNDECLARED_SELECTOR = YES;
				GCC_WARN_UNINITIALIZED_AUTOS = YES_AGGRESSIVE;
				GCC_WARN_UNUSED_FUNCTION = YES;
				GCC_WARN_UNUSED_VARIABLE = YES;
				IPHONEOS_DEPLOYMENT_TARGET = 12.2;
				MTL_ENABLE_DEBUG_INFO = INCLUDE_SOURCE;
				MTL_FAST_MATH = YES;
				ONLY_ACTIVE_ARCH = YES;
				SDKROOT = iphoneos;
				SWIFT_ACTIVE_COMPILATION_CONDITIONS = DEBUG;
				SWIFT_OPTIMIZATION_LEVEL = "-Onone";
			};
			name = Debug;
		};
		AC85C939240F535600AA210F /* Release */ = {
			isa = XCBuildConfiguration;
			buildSettings = {
				ALWAYS_SEARCH_USER_PATHS = NO;
				CLANG_ANALYZER_NONNULL = YES;
				CLANG_ANALYZER_NUMBER_OBJECT_CONVERSION = YES_AGGRESSIVE;
				CLANG_CXX_LANGUAGE_STANDARD = "gnu++14";
				CLANG_CXX_LIBRARY = "libc++";
				CLANG_ENABLE_MODULES = YES;
				CLANG_ENABLE_OBJC_ARC = YES;
				CLANG_ENABLE_OBJC_WEAK = YES;
				CLANG_WARN_BLOCK_CAPTURE_AUTORELEASING = YES;
				CLANG_WARN_BOOL_CONVERSION = YES;
				CLANG_WARN_COMMA = YES;
				CLANG_WARN_CONSTANT_CONVERSION = YES;
				CLANG_WARN_DEPRECATED_OBJC_IMPLEMENTATIONS = YES;
				CLANG_WARN_DIRECT_OBJC_ISA_USAGE = YES_ERROR;
				CLANG_WARN_DOCUMENTATION_COMMENTS = YES;
				CLANG_WARN_EMPTY_BODY = YES;
				CLANG_WARN_ENUM_CONVERSION = YES;
				CLANG_WARN_INFINITE_RECURSION = YES;
				CLANG_WARN_INT_CONVERSION = YES;
				CLANG_WARN_NON_LITERAL_NULL_CONVERSION = YES;
				CLANG_WARN_OBJC_IMPLICIT_RETAIN_SELF = YES;
				CLANG_WARN_OBJC_LITERAL_CONVERSION = YES;
				CLANG_WARN_OBJC_ROOT_CLASS = YES_ERROR;
				CLANG_WARN_RANGE_LOOP_ANALYSIS = YES;
				CLANG_WARN_STRICT_PROTOTYPES = YES;
				CLANG_WARN_SUSPICIOUS_MOVE = YES;
				CLANG_WARN_UNGUARDED_AVAILABILITY = YES_AGGRESSIVE;
				CLANG_WARN_UNREACHABLE_CODE = YES;
				CLANG_WARN__DUPLICATE_METHOD_MATCH = YES;
				COPY_PHASE_STRIP = NO;
				DEBUG_INFORMATION_FORMAT = "dwarf-with-dsym";
				ENABLE_NS_ASSERTIONS = NO;
				ENABLE_STRICT_OBJC_MSGSEND = YES;
				GCC_C_LANGUAGE_STANDARD = gnu11;
				GCC_NO_COMMON_BLOCKS = YES;
				GCC_WARN_64_TO_32_BIT_CONVERSION = YES;
				GCC_WARN_ABOUT_RETURN_TYPE = YES_ERROR;
				GCC_WARN_UNDECLARED_SELECTOR = YES;
				GCC_WARN_UNINITIALIZED_AUTOS = YES_AGGRESSIVE;
				GCC_WARN_UNUSED_FUNCTION = YES;
				GCC_WARN_UNUSED_VARIABLE = YES;
				IPHONEOS_DEPLOYMENT_TARGET = 12.2;
				MTL_ENABLE_DEBUG_INFO = NO;
				MTL_FAST_MATH = YES;
				SDKROOT = iphoneos;
				SWIFT_COMPILATION_MODE = wholemodule;
				SWIFT_OPTIMIZATION_LEVEL = "-O";
				VALIDATE_PRODUCT = YES;
			};
			name = Release;
		};
		AC85C93B240F535600AA210F /* Debug */ = {
			isa = XCBuildConfiguration;
			baseConfigurationReference = EE8A830815B103FCB31C6D6B /* Pods-Weather.debug.xcconfig */;
			buildSettings = {
				ASSETCATALOG_COMPILER_APPICON_NAME = AppIcon;
				CODE_SIGN_STYLE = Automatic;
				DEVELOPMENT_TEAM = BPQ9LPYCRT;
				INFOPLIST_FILE = Weather/Info.plist;
				LD_RUNPATH_SEARCH_PATHS = (
					"$(inherited)",
					"@executable_path/Frameworks",
				);
				PRODUCT_BUNDLE_IDENTIFIER = com.mariozarate.Weather;
				PRODUCT_NAME = "$(TARGET_NAME)";
				SWIFT_VERSION = 5.0;
				TARGETED_DEVICE_FAMILY = "1,2";
			};
			name = Debug;
		};
		AC85C93C240F535600AA210F /* Release */ = {
			isa = XCBuildConfiguration;
			baseConfigurationReference = 7C7B3680E7A0906BEE093D18 /* Pods-Weather.release.xcconfig */;
			buildSettings = {
				ASSETCATALOG_COMPILER_APPICON_NAME = AppIcon;
				CODE_SIGN_STYLE = Automatic;
				DEVELOPMENT_TEAM = BPQ9LPYCRT;
				INFOPLIST_FILE = Weather/Info.plist;
				LD_RUNPATH_SEARCH_PATHS = (
					"$(inherited)",
					"@executable_path/Frameworks",
				);
				PRODUCT_BUNDLE_IDENTIFIER = com.mariozarate.Weather;
				PRODUCT_NAME = "$(TARGET_NAME)";
				SWIFT_VERSION = 5.0;
				TARGETED_DEVICE_FAMILY = "1,2";
			};
			name = Release;
		};
/* End XCBuildConfiguration section */

/* Begin XCConfigurationList section */
		AC85C921240F535500AA210F /* Build configuration list for PBXProject "Weather" */ = {
			isa = XCConfigurationList;
			buildConfigurations = (
				AC85C938240F535600AA210F /* Debug */,
				AC85C939240F535600AA210F /* Release */,
			);
			defaultConfigurationIsVisible = 0;
			defaultConfigurationName = Release;
		};
		AC85C93A240F535600AA210F /* Build configuration list for PBXNativeTarget "Weather" */ = {
			isa = XCConfigurationList;
			buildConfigurations = (
				AC85C93B240F535600AA210F /* Debug */,
				AC85C93C240F535600AA210F /* Release */,
			);
			defaultConfigurationIsVisible = 0;
			defaultConfigurationName = Release;
		};
/* End XCConfigurationList section */
	};
	rootObject = AC85C91E240F535500AA210F /* Project object */;
}
